
Microsoft Visual Studio Solution File, Format Version 12.00
Project("{FAE04EC0-301F-11D3-BF4B-00C04F79EFBC}") = "M365.RoadMapInfo", "M365.RoadMapInfo\M365.RoadMapInfo.csproj", "{92D8117F-B508-4A3A-9B54-05DCDB5A858A}"
EndProject
Global
	GlobalSection(SolutionConfigurationPlatforms) = preSolution
		Debug|Any CPU = Debug|Any CPU
		Release|Any CPU = Release|Any CPU
	EndGlobalSection
	GlobalSection(ProjectConfigurationPlatforms) = postSolution
		{92D8117F-B508-4A3A-9B54-05DCDB5A858A}.Debug|Any CPU.ActiveCfg = Debug|Any CPU
		{92D8117F-B508-4A3A-9B54-05DCDB5A858A}.Debug|Any CPU.Build.0 = Debug|Any CPU
		{92D8117F-B508-4A3A-9B54-05DCDB5A858A}.Release|Any CPU.ActiveCfg = Release|Any CPU
		{92D8117F-B508-4A3A-9B54-05DCDB5A858A}.Release|Any CPU.Build.0 = Release|Any CPU
	EndGlobalSection
EndGlobal
